
Microsoft Visual Studio Solution File, Format Version 12.00
Project("{FAE04EC0-301F-11D3-BF4B-00C04F79EFBC}") = "YuanCore", "YuanCore\YuanCore.csproj", "{020D7850-4281-4E6C-B021-E7A7E40DF13E}"
EndProject
Global
	GlobalSection(SolutionConfigurationPlatforms) = preSolution
		Debug|Any CPU = Debug|Any CPU
		Release|Any CPU = Release|Any CPU
	EndGlobalSection
	GlobalSection(ProjectConfigurationPlatforms) = postSolution
		{020D7850-4281-4E6C-B021-E7A7E40DF13E}.Debug|Any CPU.ActiveCfg = Debug|Any CPU
		{020D7850-4281-4E6C-B021-E7A7E40DF13E}.Debug|Any CPU.Build.0 = Debug|Any CPU
		{020D7850-4281-4E6C-B021-E7A7E40DF13E}.Release|Any CPU.ActiveCfg = Release|Any CPU
		{020D7850-4281-4E6C-B021-E7A7E40DF13E}.Release|Any CPU.Build.0 = Release|Any CPU
	EndGlobalSection
EndGlobal
